
Microsoft Visual Studio Solution File, Format Version 12.00
# Visual Studio Version 16
VisualStudioVersion = 16.0.32510.428
MinimumVisualStudioVersion = 10.0.40219.1
Project("{9A19103F-16F7-4668-BE54-9A1E7A4F7556}") = "Animu.Web", "Animu.Web\Animu.Web.csproj", "{DD511052-5333-4FD0-9879-98927B1FF4C3}"
EndProject
Project("{9A19103F-16F7-4668-BE54-9A1E7A4F7556}") = "Animu.Data", "Animu.Data\Animu.Data.csproj", "{EE3958D9-24E2-496B-AD97-3990DF16E89C}"
EndProject
Project("{FAE04EC0-301F-11D3-BF4B-00C04F79EFBC}") = "Animu.Service", "Animu.Service\Animu.Service.csproj", "{88593439-9464-46E6-97E0-11F4ED2671F6}"
EndProject
Global
	GlobalSection(SolutionConfigurationPlatforms) = preSolution
		Debug|Any CPU = Debug|Any CPU
		Release|Any CPU = Release|Any CPU
	EndGlobalSection
	GlobalSection(ProjectConfigurationPlatforms) = postSolution
		{DD511052-5333-4FD0-9879-98927B1FF4C3}.Debug|Any CPU.ActiveCfg = Debug|Any CPU
		{DD511052-5333-4FD0-9879-98927B1FF4C3}.Debug|Any CPU.Build.0 = Debug|Any CPU
		{DD511052-5333-4FD0-9879-98927B1FF4C3}.Release|Any CPU.ActiveCfg = Release|Any CPU
		{DD511052-5333-4FD0-9879-98927B1FF4C3}.Release|Any CPU.Build.0 = Release|Any CPU
		{EE3958D9-24E2-496B-AD97-3990DF16E89C}.Debug|Any CPU.ActiveCfg = Debug|Any CPU
		{EE3958D9-24E2-496B-AD97-3990DF16E89C}.Debug|Any CPU.Build.0 = Debug|Any CPU
		{EE3958D9-24E2-496B-AD97-3990DF16E89C}.Release|Any CPU.ActiveCfg = Release|Any CPU
		{EE3958D9-24E2-496B-AD97-3990DF16E89C}.Release|Any CPU.Build.0 = Release|Any CPU
		{88593439-9464-46E6-97E0-11F4ED2671F6}.Debug|Any CPU.ActiveCfg = Debug|Any CPU
		{88593439-9464-46E6-97E0-11F4ED2671F6}.Debug|Any CPU.Build.0 = Debug|Any CPU
		{88593439-9464-46E6-97E0-11F4ED2671F6}.Release|Any CPU.ActiveCfg = Release|Any CPU
		{88593439-9464-46E6-97E0-11F4ED2671F6}.Release|Any CPU.Build.0 = Release|Any CPU
	EndGlobalSection
	GlobalSection(SolutionProperties) = preSolution
		HideSolutionNode = FALSE
	EndGlobalSection
	GlobalSection(ExtensibilityGlobals) = postSolution
		SolutionGuid = {9A243F7E-4D78-4AC3-BF73-C862F6EBF426}
	EndGlobalSection
EndGlobal
